// !$*UTF8*$!
{
	archiveVersion = 1;
	classes = {
	};
	objectVersion = 46;
	objects = {

/* Begin PBXBuildFile section */
		0711BCB720B5248900D34255 /* URLBuilder.swift in Sources */ = {isa = PBXBuildFile; fileRef = 0711BCB620B5248900D34255 /* URLBuilder.swift */; };
		0763D70A1CA4FCFC001AD8E6 /* ProgressView.swift in Sources */ = {isa = PBXBuildFile; fileRef = 0763D7091CA4FCFC001AD8E6 /* ProgressView.swift */; };
		07735EFA1D546F870061E8D9 /* SearchView.swift in Sources */ = {isa = PBXBuildFile; fileRef = 07735EF71D546F870061E8D9 /* SearchView.swift */; };
		0779F91520D4B1E800FC90DE /* RootViewController+BackSwipe.swift in Sources */ = {isa = PBXBuildFile; fileRef = 0779F91420D4B1E800FC90DE /* RootViewController+BackSwipe.swift */; };
		077B16E1210D3E8C00FF5079 /* RootViewController+LongPress.swift in Sources */ = {isa = PBXBuildFile; fileRef = 077B16E0210D3E8C00FF5079 /* RootViewController+LongPress.swift */; };
		077B16E5210D954A00FF5079 /* UITraitCollection+Size.swift in Sources */ = {isa = PBXBuildFile; fileRef = 077B16E4210D954A00FF5079 /* UITraitCollection+Size.swift */; };
		077B16E7210DA99500FF5079 /* RootView.swift in Sources */ = {isa = PBXBuildFile; fileRef = 077B16E6210DA99500FF5079 /* RootView.swift */; };
		079596681BF1CFFE00F7078B /* AppDelegate.swift in Sources */ = {isa = PBXBuildFile; fileRef = 079596671BF1CFFE00F7078B /* AppDelegate.swift */; };
		0795966F1BF1CFFE00F7078B /* Assets.xcassets in Resources */ = {isa = PBXBuildFile; fileRef = 0795966E1BF1CFFE00F7078B /* Assets.xcassets */; };
		079596721BF1CFFE00F7078B /* LaunchScreen.storyboard in Resources */ = {isa = PBXBuildFile; fileRef = 079596701BF1CFFE00F7078B /* LaunchScreen.storyboard */; };
		07E559CD21102B650066110C /* WebContainerView.swift in Sources */ = {isa = PBXBuildFile; fileRef = 07E559CC21102B650066110C /* WebContainerView.swift */; };
		07EC81D020B289A70086E24C /* StateClearer.swift in Sources */ = {isa = PBXBuildFile; fileRef = 07EC81CF20B289A70086E24C /* StateClearer.swift */; };
		07FA0E391CA3DD5300B9AF8F /* RootViewController.swift in Sources */ = {isa = PBXBuildFile; fileRef = 07FA0E381CA3DD5300B9AF8F /* RootViewController.swift */; };
/* End PBXBuildFile section */

/* Begin PBXFileReference section */
		0711BCB620B5248900D34255 /* URLBuilder.swift */ = {isa = PBXFileReference; lastKnownFileType = sourcecode.swift; path = URLBuilder.swift; sourceTree = "<group>"; };
		0763D7091CA4FCFC001AD8E6 /* ProgressView.swift */ = {isa = PBXFileReference; fileEncoding = 4; lastKnownFileType = sourcecode.swift; path = ProgressView.swift; sourceTree = "<group>"; };
		07735EF71D546F870061E8D9 /* SearchView.swift */ = {isa = PBXFileReference; fileEncoding = 4; lastKnownFileType = sourcecode.swift; path = SearchView.swift; sourceTree = "<group>"; };
		0779F91420D4B1E800FC90DE /* RootViewController+BackSwipe.swift */ = {isa = PBXFileReference; lastKnownFileType = sourcecode.swift; path = "RootViewController+BackSwipe.swift"; sourceTree = "<group>"; };
		077B16E0210D3E8C00FF5079 /* RootViewController+LongPress.swift */ = {isa = PBXFileReference; lastKnownFileType = sourcecode.swift; path = "RootViewController+LongPress.swift"; sourceTree = "<group>"; };
		077B16E4210D954A00FF5079 /* UITraitCollection+Size.swift */ = {isa = PBXFileReference; lastKnownFileType = sourcecode.swift; path = "UITraitCollection+Size.swift"; sourceTree = "<group>"; };
		077B16E6210DA99500FF5079 /* RootView.swift */ = {isa = PBXFileReference; lastKnownFileType = sourcecode.swift; path = RootView.swift; sourceTree = "<group>"; };
		079596641BF1CFFE00F7078B /* Tabless.app */ = {isa = PBXFileReference; explicitFileType = wrapper.application; includeInIndex = 0; path = Tabless.app; sourceTree = BUILT_PRODUCTS_DIR; };
		079596671BF1CFFE00F7078B /* AppDelegate.swift */ = {isa = PBXFileReference; lastKnownFileType = sourcecode.swift; path = AppDelegate.swift; sourceTree = "<group>"; };
		0795966E1BF1CFFE00F7078B /* Assets.xcassets */ = {isa = PBXFileReference; lastKnownFileType = folder.assetcatalog; path = Assets.xcassets; sourceTree = "<group>"; };
		079596711BF1CFFE00F7078B /* Base */ = {isa = PBXFileReference; lastKnownFileType = file.storyboard; name = Base; path = Base.lproj/LaunchScreen.storyboard; sourceTree = "<group>"; };
		079596731BF1CFFE00F7078B /* Info.plist */ = {isa = PBXFileReference; lastKnownFileType = text.plist.xml; path = Info.plist; sourceTree = "<group>"; };
		07E559CC21102B650066110C /* WebContainerView.swift */ = {isa = PBXFileReference; lastKnownFileType = sourcecode.swift; path = WebContainerView.swift; sourceTree = "<group>"; };
		07EC81CF20B289A70086E24C /* StateClearer.swift */ = {isa = PBXFileReference; lastKnownFileType = sourcecode.swift; path = StateClearer.swift; sourceTree = "<group>"; };
		07FA0E381CA3DD5300B9AF8F /* RootViewController.swift */ = {isa = PBXFileReference; fileEncoding = 4; lastKnownFileType = sourcecode.swift; path = RootViewController.swift; sourceTree = "<group>"; };
/* End PBXFileReference section */

/* Begin PBXFrameworksBuildPhase section */
		079596611BF1CFFE00F7078B /* Frameworks */ = {
			isa = PBXFrameworksBuildPhase;
			buildActionMask = 2147483647;
			files = (
			);
			runOnlyForDeploymentPostprocessing = 0;
		};
/* End PBXFrameworksBuildPhase section */

/* Begin PBXGroup section */
		0795965B1BF1CFFE00F7078B = {
			isa = PBXGroup;
			children = (
				079596661BF1CFFE00F7078B /* Tabless */,
				079596651BF1CFFE00F7078B /* Products */,
			);
			sourceTree = "<group>";
		};
		079596651BF1CFFE00F7078B /* Products */ = {
			isa = PBXGroup;
			children = (
				079596641BF1CFFE00F7078B /* Tabless.app */,
			);
			name = Products;
			sourceTree = "<group>";
		};
		079596661BF1CFFE00F7078B /* Tabless */ = {
			isa = PBXGroup;
			children = (
				07E559CF21266F440066110C /* Views */,
				079596671BF1CFFE00F7078B /* AppDelegate.swift */,
				0795966E1BF1CFFE00F7078B /* Assets.xcassets */,
				079596701BF1CFFE00F7078B /* LaunchScreen.storyboard */,
				079596731BF1CFFE00F7078B /* Info.plist */,
				07FA0E381CA3DD5300B9AF8F /* RootViewController.swift */,
				0779F91420D4B1E800FC90DE /* RootViewController+BackSwipe.swift */,
				077B16E0210D3E8C00FF5079 /* RootViewController+LongPress.swift */,
				07EC81CF20B289A70086E24C /* StateClearer.swift */,
				077B16E4210D954A00FF5079 /* UITraitCollection+Size.swift */,
				0711BCB620B5248900D34255 /* URLBuilder.swift */,
			);
			path = Tabless;
			sourceTree = "<group>";
		};
		07E559CF21266F440066110C /* Views */ = {
			isa = PBXGroup;
			children = (
				077B16E6210DA99500FF5079 /* RootView.swift */,
				0763D7091CA4FCFC001AD8E6 /* ProgressView.swift */,
				07735EF71D546F870061E8D9 /* SearchView.swift */,
				07E559CC21102B650066110C /* WebContainerView.swift */,
			);
			path = Views;
			sourceTree = "<group>";
		};
/* End PBXGroup section */

/* Begin PBXNativeTarget section */
		079596631BF1CFFE00F7078B /* Tabless */ = {
			isa = PBXNativeTarget;
			buildConfigurationList = 079596761BF1CFFE00F7078B /* Build configuration list for PBXNativeTarget "Tabless" */;
			buildPhases = (
				079596601BF1CFFE00F7078B /* Sources */,
				079596611BF1CFFE00F7078B /* Frameworks */,
				079596621BF1CFFE00F7078B /* Resources */,
			);
			buildRules = (
			);
			dependencies = (
			);
			name = Tabless;
			productName = Tabless;
			productReference = 079596641BF1CFFE00F7078B /* Tabless.app */;
			productType = "com.apple.product-type.application";
		};
/* End PBXNativeTarget section */

/* Begin PBXProject section */
		0795965C1BF1CFFE00F7078B /* Project object */ = {
			isa = PBXProject;
			attributes = {
				LastSwiftUpdateCheck = 0710;
				LastUpgradeCheck = 0930;
				ORGANIZATIONNAME = "Eric Bomgardner";
				TargetAttributes = {
					079596631BF1CFFE00F7078B = {
						CreatedOnToolsVersion = 7.1;
						DevelopmentTeam = 4NX3RJE9MB;
						LastSwiftMigration = 0900;
						ProvisioningStyle = Automatic;
					};
				};
			};
			buildConfigurationList = 0795965F1BF1CFFE00F7078B /* Build configuration list for PBXProject "Tabless" */;
			compatibilityVersion = "Xcode 3.2";
			developmentRegion = English;
			hasScannedForEncodings = 0;
			knownRegions = (
				en,
				Base,
			);
			mainGroup = 0795965B1BF1CFFE00F7078B;
			productRefGroup = 079596651BF1CFFE00F7078B /* Products */;
			projectDirPath = "";
			projectRoot = "";
			targets = (
				079596631BF1CFFE00F7078B /* Tabless */,
			);
		};
/* End PBXProject section */

/* Begin PBXResourcesBuildPhase section */
		079596621BF1CFFE00F7078B /* Resources */ = {
			isa = PBXResourcesBuildPhase;
			buildActionMask = 2147483647;
			files = (
				079596721BF1CFFE00F7078B /* LaunchScreen.storyboard in Resources */,
				0795966F1BF1CFFE00F7078B /* Assets.xcassets in Resources */,
			);
			runOnlyForDeploymentPostprocessing = 0;
		};
/* End PBXResourcesBuildPhase section */

/* Begin PBXSourcesBuildPhase section */
		079596601BF1CFFE00F7078B /* Sources */ = {
			isa = PBXSourcesBuildPhase;
			buildActionMask = 2147483647;
			files = (
				07735EFA1D546F870061E8D9 /* SearchView.swift in Sources */,
				077B16E7210DA99500FF5079 /* RootView.swift in Sources */,
				07FA0E391CA3DD5300B9AF8F /* RootViewController.swift in Sources */,
				07E559CD21102B650066110C /* WebContainerView.swift in Sources */,
				07EC81D020B289A70086E24C /* StateClearer.swift in Sources */,
				079596681BF1CFFE00F7078B /* AppDelegate.swift in Sources */,
				0779F91520D4B1E800FC90DE /* RootViewController+BackSwipe.swift in Sources */,
				0711BCB720B5248900D34255 /* URLBuilder.swift in Sources */,
				077B16E5210D954A00FF5079 /* UITraitCollection+Size.swift in Sources */,
				0763D70A1CA4FCFC001AD8E6 /* ProgressView.swift in Sources */,
				077B16E1210D3E8C00FF5079 /* RootViewController+LongPress.swift in Sources */,
			);
			runOnlyForDeploymentPostprocessing = 0;
		};
/* End PBXSourcesBuildPhase section */

/* Begin PBXVariantGroup section */
		079596701BF1CFFE00F7078B /* LaunchScreen.storyboard */ = {
			isa = PBXVariantGroup;
			children = (
				079596711BF1CFFE00F7078B /* Base */,
			);
			name = LaunchScreen.storyboard;
			sourceTree = "<group>";
		};
/* End PBXVariantGroup section */

/* Begin XCBuildConfiguration section */
		079596741BF1CFFE00F7078B /* Debug */ = {
			isa = XCBuildConfiguration;
			buildSettings = {
				ALWAYS_SEARCH_USER_PATHS = NO;
				CLANG_CXX_LANGUAGE_STANDARD = "gnu++0x";
				CLANG_CXX_LIBRARY = "libc++";
				CLANG_ENABLE_MODULES = YES;
				CLANG_ENABLE_OBJC_ARC = YES;
				CLANG_WARN_BLOCK_CAPTURE_AUTORELEASING = YES;
				CLANG_WARN_BOOL_CONVERSION = YES;
				CLANG_WARN_COMMA = YES;
				CLANG_WARN_CONSTANT_CONVERSION = YES;
				CLANG_WARN_DEPRECATED_OBJC_IMPLEMENTATIONS = YES;
				CLANG_WARN_DIRECT_OBJC_ISA_USAGE = YES_ERROR;
				CLANG_WARN_EMPTY_BODY = YES;
				CLANG_WARN_ENUM_CONVERSION = YES;
				CLANG_WARN_INFINITE_RECURSION = YES;
				CLANG_WARN_INT_CONVERSION = YES;
				CLANG_WARN_NON_LITERAL_NULL_CONVERSION = YES;
				CLANG_WARN_OBJC_IMPLICIT_RETAIN_SELF = YES;
				CLANG_WARN_OBJC_LITERAL_CONVERSION = YES;
				CLANG_WARN_OBJC_ROOT_CLASS = YES_ERROR;
				CLANG_WARN_RANGE_LOOP_ANALYSIS = YES;
				CLANG_WARN_STRICT_PROTOTYPES = YES;
				CLANG_WARN_SUSPICIOUS_MOVE = YES;
				CLANG_WARN_UNREACHABLE_CODE = YES;
				CLANG_WARN__DUPLICATE_METHOD_MATCH = YES;
				"CODE_SIGN_IDENTITY[sdk=iphoneos*]" = "iPhone Developer";
				COPY_PHASE_STRIP = NO;
				DEBUG_INFORMATION_FORMAT = dwarf;
				ENABLE_STRICT_OBJC_MSGSEND = YES;
				ENABLE_TESTABILITY = YES;
				GCC_C_LANGUAGE_STANDARD = gnu99;
				GCC_DYNAMIC_NO_PIC = NO;
				GCC_NO_COMMON_BLOCKS = YES;
				GCC_OPTIMIZATION_LEVEL = 0;
				GCC_PREPROCESSOR_DEFINITIONS = (
					"DEBUG=1",
					"$(inherited)",
				);
				GCC_WARN_64_TO_32_BIT_CONVERSION = YES;
				GCC_WARN_ABOUT_RETURN_TYPE = YES_ERROR;
				GCC_WARN_UNDECLARED_SELECTOR = YES;
				GCC_WARN_UNINITIALIZED_AUTOS = YES_AGGRESSIVE;
				GCC_WARN_UNUSED_FUNCTION = YES;
				GCC_WARN_UNUSED_VARIABLE = YES;
				IPHONEOS_DEPLOYMENT_TARGET = 10.0;
				MTL_ENABLE_DEBUG_INFO = YES;
				ONLY_ACTIVE_ARCH = YES;
				SDKROOT = iphoneos;
				SWIFT_OPTIMIZATION_LEVEL = "-Onone";
				TARGETED_DEVICE_FAMILY = "1,2";
			};
			name = Debug;
		};
		079596751BF1CFFE00F7078B /* Release */ = {
			isa = XCBuildConfiguration;
			buildSettings = {
				ALWAYS_SEARCH_USER_PATHS = NO;
				CLANG_CXX_LANGUAGE_STANDARD = "gnu++0x";
				CLANG_CXX_LIBRARY = "libc++";
				CLANG_ENABLE_MODULES = YES;
				CLANG_ENABLE_OBJC_ARC = YES;
				CLANG_WARN_BLOCK_CAPTURE_AUTORELEASING = YES;
				CLANG_WARN_BOOL_CONVERSION = YES;
				CLANG_WARN_COMMA = YES;
				CLANG_WARN_CONSTANT_CONVERSION = YES;
				CLANG_WARN_DEPRECATED_OBJC_IMPLEMENTATIONS = YES;
				CLANG_WARN_DIRECT_OBJC_ISA_USAGE = YES_ERROR;
				CLANG_WARN_EMPTY_BODY = YES;
				CLANG_WARN_ENUM_CONVERSION = YES;
				CLANG_WARN_INFINITE_RECURSION = YES;
				CLANG_WARN_INT_CONVERSION = YES;
				CLANG_WARN_NON_LITERAL_NULL_CONVERSION = YES;
				CLANG_WARN_OBJC_IMPLICIT_RETAIN_SELF = YES;
				CLANG_WARN_OBJC_LITERAL_CONVERSION = YES;
				CLANG_WARN_OBJC_ROOT_CLASS = YES_ERROR;
				CLANG_WARN_RANGE_LOOP_ANALYSIS = YES;
				CLANG_WARN_STRICT_PROTOTYPES = YES;
				CLANG_WARN_SUSPICIOUS_MOVE = YES;
				CLANG_WARN_UNREACHABLE_CODE = YES;
				CLANG_WARN__DUPLICATE_METHOD_MATCH = YES;
				"CODE_SIGN_IDENTITY[sdk=iphoneos*]" = "iPhone Developer";
				COPY_PHASE_STRIP = NO;
				DEBUG_INFORMATION_FORMAT = "dwarf-with-dsym";
				ENABLE_NS_ASSERTIONS = NO;
				ENABLE_STRICT_OBJC_MSGSEND = YES;
				GCC_C_LANGUAGE_STANDARD = gnu99;
				GCC_NO_COMMON_BLOCKS = YES;
				GCC_WARN_64_TO_32_BIT_CONVERSION = YES;
				GCC_WARN_ABOUT_RETURN_TYPE = YES_ERROR;
				GCC_WARN_UNDECLARED_SELECTOR = YES;
				GCC_WARN_UNINITIALIZED_AUTOS = YES_AGGRESSIVE;
				GCC_WARN_UNUSED_FUNCTION = YES;
				GCC_WARN_UNUSED_VARIABLE = YES;
				IPHONEOS_DEPLOYMENT_TARGET = 10.0;
				MTL_ENABLE_DEBUG_INFO = NO;
				SDKROOT = iphoneos;
				SWIFT_OPTIMIZATION_LEVEL = "-Owholemodule";
				TARGETED_DEVICE_FAMILY = "1,2";
				VALIDATE_PRODUCT = YES;
			};
			name = Release;
		};
		079596771BF1CFFE00F7078B /* Debug */ = {
			isa = XCBuildConfiguration;
			buildSettings = {
				ASSETCATALOG_COMPILER_APPICON_NAME = AppIcon;
				CODE_SIGN_IDENTITY = "iPhone Developer";
				"CODE_SIGN_IDENTITY[sdk=iphoneos*]" = "iPhone Developer";
				DEVELOPMENT_TEAM = 4NX3RJE9MB;
				INFOPLIST_FILE = Tabless/Info.plist;
				IPHONEOS_DEPLOYMENT_TARGET = 10.0;
				LD_RUNPATH_SEARCH_PATHS = "$(inherited) @executable_path/Frameworks";
				PRODUCT_BUNDLE_IDENTIFIER = com.ericbomgardner.Tabless;
				PRODUCT_NAME = "$(TARGET_NAME)";
				PROVISIONING_PROFILE = "";
				SWIFT_SWIFT3_OBJC_INFERENCE = Default;
				SWIFT_VERSION = 4.0;
				TARGETED_DEVICE_FAMILY = "1,2";
			};
			name = Debug;
		};
		079596781BF1CFFE00F7078B /* Release */ = {
			isa = XCBuildConfiguration;
			buildSettings = {
				ASSETCATALOG_COMPILER_APPICON_NAME = AppIcon;
				CODE_SIGN_IDENTITY = "iPhone Developer";
				"CODE_SIGN_IDENTITY[sdk=iphoneos*]" = "iPhone Developer";
				DEVELOPMENT_TEAM = 4NX3RJE9MB;
				INFOPLIST_FILE = Tabless/Info.plist;
				IPHONEOS_DEPLOYMENT_TARGET = 10.0;
				LD_RUNPATH_SEARCH_PATHS = "$(inherited) @executable_path/Frameworks";
				PRODUCT_BUNDLE_IDENTIFIER = com.ericbomgardner.Tabless;
				PRODUCT_NAME = "$(TARGET_NAME)";
				PROVISIONING_PROFILE = "";
				SWIFT_SWIFT3_OBJC_INFERENCE = Default;
				SWIFT_VERSION = 4.0;
				TARGETED_DEVICE_FAMILY = "1,2";
			};
			name = Release;
		};
/* End XCBuildConfiguration section */

/* Begin XCConfigurationList section */
		0795965F1BF1CFFE00F7078B /* Build configuration list for PBXProject "Tabless" */ = {
			isa = XCConfigurationList;
			buildConfigurations = (
				079596741BF1CFFE00F7078B /* Debug */,
				079596751BF1CFFE00F7078B /* Release */,
			);
			defaultConfigurationIsVisible = 0;
			defaultConfigurationName = Release;
		};
		079596761BF1CFFE00F7078B /* Build configuration list for PBXNativeTarget "Tabless" */ = {
			isa = XCConfigurationList;
			buildConfigurations = (
				079596771BF1CFFE00F7078B /* Debug */,
				079596781BF1CFFE00F7078B /* Release */,
			);
			defaultConfigurationIsVisible = 0;
			defaultConfigurationName = Release;
		};
/* End XCConfigurationList section */
	};
	rootObject = 0795965C1BF1CFFE00F7078B /* Project object */;
}
